Microsoft Visual Studio Solution File, Format Version 12.00
# Visual Studio Version 17
VisualStudioVersion = 17.5.2.0
MinimumVisualStudioVersion = 10.0.40219.1
Project("{2150E333-8FDC-42A3-9474-1A3956D46DE8}") = "oops-practice", "oops-practice", "{9DE8EA89-CDF8-E755-D27F-AAE6FEFFB6BE}"
EndProject
Project("{2150E333-8FDC-42A3-9474-1A3956D46DE8}") = "scenerio-based", "scenerio-based", "{1793CF64-FFFA-3B11-B6A7-5422EDAA95A7}"
EndProject
Project("{2150E333-8FDC-42A3-9474-1A3956D46DE8}") = "employee-wage-computation-problem", "employee-wage-computation-problem", "{DE838FFE-9D06-CB30-4C4F-4C717A217A16}"
EndProject
Project("{FAE04EC0-301F-11D3-BF4B-00C04F79EFBC}") = "Employee", "oops-practice\scenerio-based\employee-wage-computation-problem\Employee.csproj", "{AC381799-735F-F059-D73D-EBEB441BC66A}"
EndProject
Global
	GlobalSection(SolutionConfigurationPlatforms) = preSolution
		Debug|Any CPU = Debug|Any CPU
		Release|Any CPU = Release|Any CPU
	EndGlobalSection
	GlobalSection(ProjectConfigurationPlatforms) = postSolution
		{AC381799-735F-F059-D73D-EBEB441BC66A}.Debug|Any CPU.ActiveCfg = Debug|Any CPU
		{AC381799-735F-F059-D73D-EBEB441BC66A}.Debug|Any CPU.Build.0 = Debug|Any CPU
		{AC381799-735F-F059-D73D-EBEB441BC66A}.Release|Any CPU.ActiveCfg = Release|Any CPU
		{AC381799-735F-F059-D73D-EBEB441BC66A}.Release|Any CPU.Build.0 = Release|Any CPU
	EndGlobalSection
	GlobalSection(SolutionProperties) = preSolution
		HideSolutionNode = FALSE
	EndGlobalSection
	GlobalSection(NestedProjects) = preSolution
		{1793CF64-FFFA-3B11-B6A7-5422EDAA95A7} = {9DE8EA89-CDF8-E755-D27F-AAE6FEFFB6BE}
		{DE838FFE-9D06-CB30-4C4F-4C717A217A16} = {1793CF64-FFFA-3B11-B6A7-5422EDAA95A7}
		{AC381799-735F-F059-D73D-EBEB441BC66A} = {DE838FFE-9D06-CB30-4C4F-4C717A217A16}
	EndGlobalSection
	GlobalSection(ExtensibilityGlobals) = postSolution
		SolutionGuid = {53FAEF5D-2FC6-458D-88D2-CDB6C0F197E8}
	EndGlobalSection
EndGlobal
